
Microsoft Visual Studio Solution File, Format Version 12.00
# Visual Studio Version 17
VisualStudioVersion = 17.9.34723.18
MinimumVisualStudioVersion = 10.0.40219.1
Project("{9A19103F-16F7-4668-BE54-9A1E7A4F7556}") = "Practice3", "Practice3\Practice3.csproj", "{C3595377-79A8-4883-849A-C2E1AA3880DA}"
EndProject
Project("{FAE04EC0-301F-11D3-BF4B-00C04F79EFBC}") = "Practice3Library", "Practice3Library\Practice3Library.csproj", "{03D519DB-4612-4A4D-9BB8-567862F29A1B}"
EndProject
Global
	GlobalSection(SolutionConfigurationPlatforms) = preSolution
		Debug|Any CPU = Debug|Any CPU
		Release|Any CPU = Release|Any CPU
	EndGlobalSection
	GlobalSection(ProjectConfigurationPlatforms) = postSolution
		{C3595377-79A8-4883-849A-C2E1AA3880DA}.Debug|Any CPU.ActiveCfg = Debug|Any CPU
		{C3595377-79A8-4883-849A-C2E1AA3880DA}.Debug|Any CPU.Build.0 = Debug|Any CPU
		{C3595377-79A8-4883-849A-C2E1AA3880DA}.Release|Any CPU.ActiveCfg = Release|Any CPU
		{C3595377-79A8-4883-849A-C2E1AA3880DA}.Release|Any CPU.Build.0 = Release|Any CPU
		{03D519DB-4612-4A4D-9BB8-567862F29A1B}.Debug|Any CPU.ActiveCfg = Debug|Any CPU
		{03D519DB-4612-4A4D-9BB8-567862F29A1B}.Debug|Any CPU.Build.0 = Debug|Any CPU
		{03D519DB-4612-4A4D-9BB8-567862F29A1B}.Release|Any CPU.ActiveCfg = Release|Any CPU
		{03D519DB-4612-4A4D-9BB8-567862F29A1B}.Release|Any CPU.Build.0 = Release|Any CPU
	EndGlobalSection
	GlobalSection(SolutionProperties) = preSolution
		HideSolutionNode = FALSE
	EndGlobalSection
	GlobalSection(ExtensibilityGlobals) = postSolution
		SolutionGuid = {92822FD1-4017-4AE3-9478-53A5BD8D257C}
	EndGlobalSection
EndGlobal
